
Microsoft Visual Studio Solution File, Format Version 12.00
# Visual Studio Version 17
VisualStudioVersion = 17.10.35013.160
MinimumVisualStudioVersion = 10.0.40219.1
Project("{FAE04EC0-301F-11D3-BF4B-00C04F79EFBC}") = "DSAapp", "DSAapp.csproj", "{0D9A67A4-E83B-467A-B596-9D61058B2B8C}"
EndProject
Global
	GlobalSection(SolutionConfigurationPlatforms) = preSolution
		Debug|Any CPU = Debug|Any CPU
		Release|Any CPU = Release|Any CPU
	EndGlobalSection
	GlobalSection(ProjectConfigurationPlatforms) = postSolution
		{0D9A67A4-E83B-467A-B596-9D61058B2B8C}.Debug|Any CPU.ActiveCfg = Debug|Any CPU
		{0D9A67A4-E83B-467A-B596-9D61058B2B8C}.Debug|Any CPU.Build.0 = Debug|Any CPU
		{0D9A67A4-E83B-467A-B596-9D61058B2B8C}.Debug|Any CPU.Deploy.0 = Debug|Any CPU
		{0D9A67A4-E83B-467A-B596-9D61058B2B8C}.Release|Any CPU.ActiveCfg = Release|Any CPU
		{0D9A67A4-E83B-467A-B596-9D61058B2B8C}.Release|Any CPU.Build.0 = Release|Any CPU
		{0D9A67A4-E83B-467A-B596-9D61058B2B8C}.Release|Any CPU.Deploy.0 = Release|Any CPU
	EndGlobalSection
	GlobalSection(SolutionProperties) = preSolution
		HideSolutionNode = FALSE
	EndGlobalSection
	GlobalSection(ExtensibilityGlobals) = postSolution
		SolutionGuid = {CA28C73D-5FE5-413B-BD87-DE17D8FA30B8}
	EndGlobalSection
EndGlobal
